// !$*UTF8*$!
{
	archiveVersion = 1;
	classes = {
	};
	objectVersion = 52;
	objects = {

/* Begin PBXBuildFile section */
		40436BF02761D1C0009B97BA /* AppState.swift in Sources */ = {isa = PBXBuildFile; fileRef = 40436BEF2761D1C0009B97BA /* AppState.swift */; };
		40436BF22761D256009B97BA /* RootReducer.swift in Sources */ = {isa = PBXBuildFile; fileRef = 40436BF12761D256009B97BA /* RootReducer.swift */; };
		40436BF42761D265009B97BA /* GameReducer.swift in Sources */ = {isa = PBXBuildFile; fileRef = 40436BF32761D265009B97BA /* GameReducer.swift */; };
		40436BF72761EEAD009B97BA /* SwiftyBeaver in Frameworks */ = {isa = PBXBuildFile; productRef = 40436BF62761EEAD009B97BA /* SwiftyBeaver */; };
		40436BF92761F0F0009B97BA /* createStore.swift in Sources */ = {isa = PBXBuildFile; fileRef = 40436BF82761F0F0009B97BA /* createStore.swift */; };
		40C30FF626F867A80017AC5E /* ScoreView.swift in Sources */ = {isa = PBXBuildFile; fileRef = 40C30FF526F867A80017AC5E /* ScoreView.swift */; };
		40E4FBD026F30D2900C5BD90 /* helper.swift in Sources */ = {isa = PBXBuildFile; fileRef = 40E4FBCF26F30D2900C5BD90 /* helper.swift */; };
		40E4FBD226F5B80B00C5BD90 /* StarShape.swift in Sources */ = {isa = PBXBuildFile; fileRef = 40E4FBD126F5B80B00C5BD90 /* StarShape.swift */; };
		40E4FBD426F5C22E00C5BD90 /* MenuLogoView.swift in Sources */ = {isa = PBXBuildFile; fileRef = 40E4FBD326F5C22E00C5BD90 /* MenuLogoView.swift */; };
		40E5232826E6565800A75201 /* Game_2048App.swift in Sources */ = {isa = PBXBuildFile; fileRef = 40E5232726E6565800A75201 /* Game_2048App.swift */; };
		40E5232A26E6565800A75201 /* ContentView.swift in Sources */ = {isa = PBXBuildFile; fileRef = 40E5232926E6565800A75201 /* ContentView.swift */; };
		40E5232C26E6566700A75201 /* Assets.xcassets in Resources */ = {isa = PBXBuildFile; fileRef = 40E5232B26E6566700A75201 /* Assets.xcassets */; };
		40E5232F26E6566700A75201 /* Preview Assets.xcassets in Resources */ = {isa = PBXBuildFile; fileRef = 40E5232E26E6566700A75201 /* Preview Assets.xcassets */; };
		40E5233826E6597F00A75201 /* GameView.swift in Sources */ = {isa = PBXBuildFile; fileRef = 40E5233726E6597F00A75201 /* GameView.swift */; };
		40E5233A26E7365400A75201 /* BlockGridView.swift in Sources */ = {isa = PBXBuildFile; fileRef = 40E5233926E7365400A75201 /* BlockGridView.swift */; };
		40E5233C26E736F500A75201 /* BlockView.swift in Sources */ = {isa = PBXBuildFile; fileRef = 40E5233B26E736F500A75201 /* BlockView.swift */; };
		40E5234226E864A000A75201 /* extension.swift in Sources */ = {isa = PBXBuildFile; fileRef = 40E5234126E864A000A75201 /* extension.swift */; };
		40E5234426ECF4BF00A75201 /* TestView.swift in Sources */ = {isa = PBXBuildFile; fileRef = 40E5234326ECF4B600A75201 /* TestView.swift */; };
		40E93F0627B22F8B00769173 /* propertyWrapper.swift in Sources */ = {isa = PBXBuildFile; fileRef = 40E93F0527B22F8B00769173 /* propertyWrapper.swift */; };
		40FF38612761F7D2001A5273 /* Redux in Frameworks */ = {isa = PBXBuildFile; productRef = 40FF38602761F7D2001A5273 /* Redux */; };
/* End PBXBuildFile section */

/* Begin PBXFileReference section */
		40436BEF2761D1C0009B97BA /* AppState.swift */ = {isa = PBXFileReference; lastKnownFileType = sourcecode.swift; path = AppState.swift; sourceTree = "<group>"; };
		40436BF12761D256009B97BA /* RootReducer.swift */ = {isa = PBXFileReference; lastKnownFileType = sourcecode.swift; path = RootReducer.swift; sourceTree = "<group>"; };
		40436BF32761D265009B97BA /* GameReducer.swift */ = {isa = PBXFileReference; lastKnownFileType = sourcecode.swift; path = GameReducer.swift; sourceTree = "<group>"; };
		40436BF82761F0F0009B97BA /* createStore.swift */ = {isa = PBXFileReference; lastKnownFileType = sourcecode.swift; path = createStore.swift; sourceTree = "<group>"; };
		40C30FF526F867A80017AC5E /* ScoreView.swift */ = {isa = PBXFileReference; lastKnownFileType = sourcecode.swift; path = ScoreView.swift; sourceTree = "<group>"; };
		40E4FBCF26F30D2900C5BD90 /* helper.swift */ = {isa = PBXFileReference; lastKnownFileType = sourcecode.swift; path = helper.swift; sourceTree = "<group>"; };
		40E4FBD126F5B80B00C5BD90 /* StarShape.swift */ = {isa = PBXFileReference; lastKnownFileType = sourcecode.swift; path = StarShape.swift; sourceTree = "<group>"; };
		40E4FBD326F5C22E00C5BD90 /* MenuLogoView.swift */ = {isa = PBXFileReference; lastKnownFileType = sourcecode.swift; path = MenuLogoView.swift; sourceTree = "<group>"; };
		40E5232426E6565700A75201 /* Game-2048.app */ = {isa = PBXFileReference; explicitFileType = wrapper.application; includeInIndex = 0; path = "Game-2048.app"; sourceTree = BUILT_PRODUCTS_DIR; };
		40E5232726E6565800A75201 /* Game_2048App.swift */ = {isa = PBXFileReference; lastKnownFileType = sourcecode.swift; path = Game_2048App.swift; sourceTree = "<group>"; };
		40E5232926E6565800A75201 /* ContentView.swift */ = {isa = PBXFileReference; lastKnownFileType = sourcecode.swift; path = ContentView.swift; sourceTree = "<group>"; };
		40E5232B26E6566700A75201 /* Assets.xcassets */ = {isa = PBXFileReference; lastKnownFileType = folder.assetcatalog; path = Assets.xcassets; sourceTree = "<group>"; };
		40E5232E26E6566700A75201 /* Preview Assets.xcassets */ = {isa = PBXFileReference; lastKnownFileType = folder.assetcatalog; path = "Preview Assets.xcassets"; sourceTree = "<group>"; };
		40E5233026E6566700A75201 /* Info.plist */ = {isa = PBXFileReference; lastKnownFileType = text.plist.xml; path = Info.plist; sourceTree = "<group>"; };
		40E5233726E6597F00A75201 /* GameView.swift */ = {isa = PBXFileReference; lastKnownFileType = sourcecode.swift; path = GameView.swift; sourceTree = "<group>"; };
		40E5233926E7365400A75201 /* BlockGridView.swift */ = {isa = PBXFileReference; lastKnownFileType = sourcecode.swift; path = BlockGridView.swift; sourceTree = "<group>"; };
		40E5233B26E736F500A75201 /* BlockView.swift */ = {isa = PBXFileReference; lastKnownFileType = sourcecode.swift; path = BlockView.swift; sourceTree = "<group>"; };
		40E5234126E864A000A75201 /* extension.swift */ = {isa = PBXFileReference; lastKnownFileType = sourcecode.swift; path = extension.swift; sourceTree = "<group>"; };
		40E5234326ECF4B600A75201 /* TestView.swift */ = {isa = PBXFileReference; lastKnownFileType = sourcecode.swift; path = TestView.swift; sourceTree = "<group>"; };
		40E93F0527B22F8B00769173 /* propertyWrapper.swift */ = {isa = PBXFileReference; lastKnownFileType = sourcecode.swift; path = propertyWrapper.swift; sourceTree = "<group>"; };
/* End PBXFileReference section */

/* Begin PBXFrameworksBuildPhase section */
		40E5232126E6565700A75201 /* Frameworks */ = {
			isa = PBXFrameworksBuildPhase;
			buildActionMask = 2147483647;
			files = (
				40436BF72761EEAD009B97BA /* SwiftyBeaver in Frameworks */,
				40FF38612761F7D2001A5273 /* Redux in Frameworks */,
			);
			runOnlyForDeploymentPostprocessing = 0;
		};
/* End PBXFrameworksBuildPhase section */

/* Begin PBXGroup section */
		40436BEE2761D195009B97BA /* Redux */ = {
			isa = PBXGroup;
			children = (
				40436BEF2761D1C0009B97BA /* AppState.swift */,
				40436BF12761D256009B97BA /* RootReducer.swift */,
				40436BF32761D265009B97BA /* GameReducer.swift */,
				40436BF82761F0F0009B97BA /* createStore.swift */,
			);
			path = Redux;
			sourceTree = "<group>";
		};
		40E5231B26E6565700A75201 = {
			isa = PBXGroup;
			children = (
				40E5232626E6565700A75201 /* Game-2048 */,
				40E5232526E6565700A75201 /* Products */,
			);
			sourceTree = "<group>";
		};
		40E5232526E6565700A75201 /* Products */ = {
			isa = PBXGroup;
			children = (
				40E5232426E6565700A75201 /* Game-2048.app */,
			);
			name = Products;
			sourceTree = "<group>";
		};
		40E5232626E6565700A75201 /* Game-2048 */ = {
			isa = PBXGroup;
			children = (
				40436BEE2761D195009B97BA /* Redux */,
				40E5234026E8647E00A75201 /* Helper */,
				40E5233626E6595700A75201 /* Views */,
				40E5232726E6565800A75201 /* Game_2048App.swift */,
				40E5232B26E6566700A75201 /* Assets.xcassets */,
				40E5233026E6566700A75201 /* Info.plist */,
				40E5232D26E6566700A75201 /* Preview Content */,
			);
			path = "Game-2048";
			sourceTree = "<group>";
		};
		40E5232D26E6566700A75201 /* Preview Content */ = {
			isa = PBXGroup;
			children = (
				40E5232E26E6566700A75201 /* Preview Assets.xcassets */,
			);
			path = "Preview Content";
			sourceTree = "<group>";
		};
		40E5233626E6595700A75201 /* Views */ = {
			isa = PBXGroup;
			children = (
				40E5232926E6565800A75201 /* ContentView.swift */,
				40E5233726E6597F00A75201 /* GameView.swift */,
				40E5233926E7365400A75201 /* BlockGridView.swift */,
				40E5233B26E736F500A75201 /* BlockView.swift */,
				40E5234326ECF4B600A75201 /* TestView.swift */,
				40E4FBD126F5B80B00C5BD90 /* StarShape.swift */,
				40E4FBD326F5C22E00C5BD90 /* MenuLogoView.swift */,
				40C30FF526F867A80017AC5E /* ScoreView.swift */,
			);
			path = Views;
			sourceTree = "<group>";
		};
		40E5234026E8647E00A75201 /* Helper */ = {
			isa = PBXGroup;
			children = (
				40E5234126E864A000A75201 /* extension.swift */,
				40E4FBCF26F30D2900C5BD90 /* helper.swift */,
				40E93F0527B22F8B00769173 /* propertyWrapper.swift */,
			);
			path = Helper;
			sourceTree = "<group>";
		};
/* End PBXGroup section */

/* Begin PBXNativeTarget section */
		40E5232326E6565700A75201 /* Game-2048 */ = {
			isa = PBXNativeTarget;
			buildConfigurationList = 40E5233326E6566700A75201 /* Build configuration list for PBXNativeTarget "Game-2048" */;
			buildPhases = (
				40E5232026E6565700A75201 /* Sources */,
				40E5232126E6565700A75201 /* Frameworks */,
				40E5232226E6565700A75201 /* Resources */,
			);
			buildRules = (
			);
			dependencies = (
			);
			name = "Game-2048";
			packageProductDependencies = (
				40436BF62761EEAD009B97BA /* SwiftyBeaver */,
				40FF38602761F7D2001A5273 /* Redux */,
			);
			productName = "Game-2048";
			productReference = 40E5232426E6565700A75201 /* Game-2048.app */;
			productType = "com.apple.product-type.application";
		};
/* End PBXNativeTarget section */

/* Begin PBXProject section */
		40E5231C26E6565700A75201 /* Project object */ = {
			isa = PBXProject;
			attributes = {
				LastSwiftUpdateCheck = 1250;
				LastUpgradeCheck = 1250;
				TargetAttributes = {
					40E5232326E6565700A75201 = {
						CreatedOnToolsVersion = 12.5.1;
					};
				};
			};
			buildConfigurationList = 40E5231F26E6565700A75201 /* Build configuration list for PBXProject "Game-2048" */;
			compatibilityVersion = "Xcode 9.3";
			developmentRegion = en;
			hasScannedForEncodings = 0;
			knownRegions = (
				en,
				Base,
			);
			mainGroup = 40E5231B26E6565700A75201;
			packageReferences = (
				40436BF52761EEAD009B97BA /* XCRemoteSwiftPackageReference "SwiftyBeaver" */,
				40FF385F2761F7D2001A5273 /* XCRemoteSwiftPackageReference "SwiftRedux" */,
			);
			productRefGroup = 40E5232526E6565700A75201 /* Products */;
			projectDirPath = "";
			projectRoot = "";
			targets = (
				40E5232326E6565700A75201 /* Game-2048 */,
			);
		};
/* End PBXProject section */

/* Begin PBXResourcesBuildPhase section */
		40E5232226E6565700A75201 /* Resources */ = {
			isa = PBXResourcesBuildPhase;
			buildActionMask = 2147483647;
			files = (
				40E5232F26E6566700A75201 /* Preview Assets.xcassets in Resources */,
				40E5232C26E6566700A75201 /* Assets.xcassets in Resources */,
			);
			runOnlyForDeploymentPostprocessing = 0;
		};
/* End PBXResourcesBuildPhase section */

/* Begin PBXSourcesBuildPhase section */
		40E5232026E6565700A75201 /* Sources */ = {
			isa = PBXSourcesBuildPhase;
			buildActionMask = 2147483647;
			files = (
				40E4FBD026F30D2900C5BD90 /* helper.swift in Sources */,
				40E5234226E864A000A75201 /* extension.swift in Sources */,
				40E5232A26E6565800A75201 /* ContentView.swift in Sources */,
				40E5233C26E736F500A75201 /* BlockView.swift in Sources */,
				40C30FF626F867A80017AC5E /* ScoreView.swift in Sources */,
				40436BF42761D265009B97BA /* GameReducer.swift in Sources */,
				40E93F0627B22F8B00769173 /* propertyWrapper.swift in Sources */,
				40436BF22761D256009B97BA /* RootReducer.swift in Sources */,
				40E4FBD226F5B80B00C5BD90 /* StarShape.swift in Sources */,
				40E5234426ECF4BF00A75201 /* TestView.swift in Sources */,
				40E4FBD426F5C22E00C5BD90 /* MenuLogoView.swift in Sources */,
				40E5233826E6597F00A75201 /* GameView.swift in Sources */,
				40436BF02761D1C0009B97BA /* AppState.swift in Sources */,
				40436BF92761F0F0009B97BA /* createStore.swift in Sources */,
				40E5233A26E7365400A75201 /* BlockGridView.swift in Sources */,
				40E5232826E6565800A75201 /* Game_2048App.swift in Sources */,
			);
			runOnlyForDeploymentPostprocessing = 0;
		};
/* End PBXSourcesBuildPhase section */

/* Begin XCBuildConfiguration section */
		40E5233126E6566700A75201 /* Debug */ = {
			isa = XCBuildConfiguration;
			buildSettings = {
				ALWAYS_SEARCH_USER_PATHS = NO;
				CLANG_ANALYZER_NONNULL = YES;
				CLANG_ANALYZER_NUMBER_OBJECT_CONVERSION = YES_AGGRESSIVE;
				CLANG_CXX_LANGUAGE_STANDARD = "gnu++14";
				CLANG_CXX_LIBRARY = "libc++";
				CLANG_ENABLE_MODULES = YES;
				CLANG_ENABLE_OBJC_ARC = YES;
				CLANG_ENABLE_OBJC_WEAK = YES;
				CLANG_WARN_BLOCK_CAPTURE_AUTORELEASING = YES;
				CLANG_WARN_BOOL_CONVERSION = YES;
				CLANG_WARN_COMMA = YES;
				CLANG_WARN_CONSTANT_CONVERSION = YES;
				CLANG_WARN_DEPRECATED_OBJC_IMPLEMENTATIONS = YES;
				CLANG_WARN_DIRECT_OBJC_ISA_USAGE = YES_ERROR;
				CLANG_WARN_DOCUMENTATION_COMMENTS = YES;
				CLANG_WARN_EMPTY_BODY = YES;
				CLANG_WARN_ENUM_CONVERSION = YES;
				CLANG_WARN_INFINITE_RECURSION = YES;
				CLANG_WARN_INT_CONVERSION = YES;
				CLANG_WARN_NON_LITERAL_NULL_CONVERSION = YES;
				CLANG_WARN_OBJC_IMPLICIT_RETAIN_SELF = YES;
				CLANG_WARN_OBJC_LITERAL_CONVERSION = YES;
				CLANG_WARN_OBJC_ROOT_CLASS = YES_ERROR;
				CLANG_WARN_QUOTED_INCLUDE_IN_FRAMEWORK_HEADER = YES;
				CLANG_WARN_RANGE_LOOP_ANALYSIS = YES;
				CLANG_WARN_STRICT_PROTOTYPES = YES;
				CLANG_WARN_SUSPICIOUS_MOVE = YES;
				CLANG_WARN_UNGUARDED_AVAILABILITY = YES_AGGRESSIVE;
				CLANG_WARN_UNREACHABLE_CODE = YES;
				CLANG_WARN__DUPLICATE_METHOD_MATCH = YES;
				COPY_PHASE_STRIP = NO;
				DEBUG_INFORMATION_FORMAT = dwarf;
				ENABLE_STRICT_OBJC_MSGSEND = YES;
				ENABLE_TESTABILITY = YES;
				GCC_C_LANGUAGE_STANDARD = gnu11;
				GCC_DYNAMIC_NO_PIC = NO;
				GCC_NO_COMMON_BLOCKS = YES;
				GCC_OPTIMIZATION_LEVEL = 0;
				GCC_PREPROCESSOR_DEFINITIONS = (
					"DEBUG=1",
					"$(inherited)",
				);
				GCC_WARN_64_TO_32_BIT_CONVERSION = YES;
				GCC_WARN_ABOUT_RETURN_TYPE = YES_ERROR;
				GCC_WARN_UNDECLARED_SELECTOR = YES;
				GCC_WARN_UNINITIALIZED_AUTOS = YES_AGGRESSIVE;
				GCC_WARN_UNUSED_FUNCTION = YES;
				GCC_WARN_UNUSED_VARIABLE = YES;
				IPHONEOS_DEPLOYMENT_TARGET = 14.5;
				MTL_ENABLE_DEBUG_INFO = INCLUDE_SOURCE;
				MTL_FAST_MATH = YES;
				ONLY_ACTIVE_ARCH = YES;
				SDKROOT = iphoneos;
				SWIFT_ACTIVE_COMPILATION_CONDITIONS = DEBUG;
				SWIFT_OPTIMIZATION_LEVEL = "-Onone";
			};
			name = Debug;
		};
		40E5233226E6566700A75201 /* Release */ = {
			isa = XCBuildConfiguration;
			buildSettings = {
				ALWAYS_SEARCH_USER_PATHS = NO;
				CLANG_ANALYZER_NONNULL = YES;
				CLANG_ANALYZER_NUMBER_OBJECT_CONVERSION = YES_AGGRESSIVE;
				CLANG_CXX_LANGUAGE_STANDARD = "gnu++14";
				CLANG_CXX_LIBRARY = "libc++";
				CLANG_ENABLE_MODULES = YES;
				CLANG_ENABLE_OBJC_ARC = YES;
				CLANG_ENABLE_OBJC_WEAK = YES;
				CLANG_WARN_BLOCK_CAPTURE_AUTORELEASING = YES;
				CLANG_WARN_BOOL_CONVERSION = YES;
				CLANG_WARN_COMMA = YES;
				CLANG_WARN_CONSTANT_CONVERSION = YES;
				CLANG_WARN_DEPRECATED_OBJC_IMPLEMENTATIONS = YES;
				CLANG_WARN_DIRECT_OBJC_ISA_USAGE = YES_ERROR;
				CLANG_WARN_DOCUMENTATION_COMMENTS = YES;
				CLANG_WARN_EMPTY_BODY = YES;
				CLANG_WARN_ENUM_CONVERSION = YES;
				CLANG_WARN_INFINITE_RECURSION = YES;
				CLANG_WARN_INT_CONVERSION = YES;
				CLANG_WARN_NON_LITERAL_NULL_CONVERSION = YES;
				CLANG_WARN_OBJC_IMPLICIT_RETAIN_SELF = YES;
				CLANG_WARN_OBJC_LITERAL_CONVERSION = YES;
				CLANG_WARN_OBJC_ROOT_CLASS = YES_ERROR;
				CLANG_WARN_QUOTED_INCLUDE_IN_FRAMEWORK_HEADER = YES;
				CLANG_WARN_RANGE_LOOP_ANALYSIS = YES;
				CLANG_WARN_STRICT_PROTOTYPES = YES;
				CLANG_WARN_SUSPICIOUS_MOVE = YES;
				CLANG_WARN_UNGUARDED_AVAILABILITY = YES_AGGRESSIVE;
				CLANG_WARN_UNREACHABLE_CODE = YES;
				CLANG_WARN__DUPLICATE_METHOD_MATCH = YES;
				COPY_PHASE_STRIP = NO;
				DEBUG_INFORMATION_FORMAT = "dwarf-with-dsym";
				ENABLE_NS_ASSERTIONS = NO;
				ENABLE_STRICT_OBJC_MSGSEND = YES;
				GCC_C_LANGUAGE_STANDARD = gnu11;
				GCC_NO_COMMON_BLOCKS = YES;
				GCC_WARN_64_TO_32_BIT_CONVERSION = YES;
				GCC_WARN_ABOUT_RETURN_TYPE = YES_ERROR;
				GCC_WARN_UNDECLARED_SELECTOR = YES;
				GCC_WARN_UNINITIALIZED_AUTOS = YES_AGGRESSIVE;
				GCC_WARN_UNUSED_FUNCTION = YES;
				GCC_WARN_UNUSED_VARIABLE = YES;
				IPHONEOS_DEPLOYMENT_TARGET = 14.5;
				MTL_ENABLE_DEBUG_INFO = NO;
				MTL_FAST_MATH = YES;
				SDKROOT = iphoneos;
				SWIFT_COMPILATION_MODE = wholemodule;
				SWIFT_OPTIMIZATION_LEVEL = "-O";
				VALIDATE_PRODUCT = YES;
			};
			name = Release;
		};
		40E5233426E6566700A75201 /* Debug */ = {
			isa = XCBuildConfiguration;
			buildSettings = {
				ASSETCATALOG_COMPILER_APPICON_NAME = AppIcon;
				ASSETCATALOG_COMPILER_GLOBAL_ACCENT_COLOR_NAME = AccentColor;
				CODE_SIGN_STYLE = Automatic;
				DEVELOPMENT_ASSET_PATHS = "\"Game-2048/Preview Content\"";
				DEVELOPMENT_TEAM = APANHG5Q3K;
				ENABLE_PREVIEWS = YES;
				INFOPLIST_FILE = "Game-2048/Info.plist";
				IPHONEOS_DEPLOYMENT_TARGET = 14.0;
				LD_RUNPATH_SEARCH_PATHS = (
					"$(inherited)",
					"@executable_path/Frameworks",
				);
				PRODUCT_BUNDLE_IDENTIFIER = "com.pengzhou.Game-2048";
				PRODUCT_NAME = "$(TARGET_NAME)";
				SWIFT_VERSION = 5.0;
				TARGETED_DEVICE_FAMILY = "1,2";
			};
			name = Debug;
		};
		40E5233526E6566700A75201 /* Release */ = {
			isa = XCBuildConfiguration;
			buildSettings = {
				ASSETCATALOG_COMPILER_APPICON_NAME = AppIcon;
				ASSETCATALOG_COMPILER_GLOBAL_ACCENT_COLOR_NAME = AccentColor;
				CODE_SIGN_STYLE = Automatic;
				DEVELOPMENT_ASSET_PATHS = "\"Game-2048/Preview Content\"";
				DEVELOPMENT_TEAM = APANHG5Q3K;
				ENABLE_PREVIEWS = YES;
				INFOPLIST_FILE = "Game-2048/Info.plist";
				IPHONEOS_DEPLOYMENT_TARGET = 14.0;
				LD_RUNPATH_SEARCH_PATHS = (
					"$(inherited)",
					"@executable_path/Frameworks",
				);
				PRODUCT_BUNDLE_IDENTIFIER = "com.pengzhou.Game-2048";
				PRODUCT_NAME = "$(TARGET_NAME)";
				SWIFT_VERSION = 5.0;
				TARGETED_DEVICE_FAMILY = "1,2";
			};
			name = Release;
		};
/* End XCBuildConfiguration section */

/* Begin XCConfigurationList section */
		40E5231F26E6565700A75201 /* Build configuration list for PBXProject "Game-2048" */ = {
			isa = XCConfigurationList;
			buildConfigurations = (
				40E5233126E6566700A75201 /* Debug */,
				40E5233226E6566700A75201 /* Release */,
			);
			defaultConfigurationIsVisible = 0;
			defaultConfigurationName = Release;
		};
		40E5233326E6566700A75201 /* Build configuration list for PBXNativeTarget "Game-2048" */ = {
			isa = XCConfigurationList;
			buildConfigurations = (
				40E5233426E6566700A75201 /* Debug */,
				40E5233526E6566700A75201 /* Release */,
			);
			defaultConfigurationIsVisible = 0;
			defaultConfigurationName = Release;
		};
/* End XCConfigurationList section */

/* Begin XCRemoteSwiftPackageReference section */
		40436BF52761EEAD009B97BA /* XCRemoteSwiftPackageReference "SwiftyBeaver" */ = {
			isa = XCRemoteSwiftPackageReference;
			repositoryURL = "https://github.com/SwiftyBeaver/SwiftyBeaver.git";
			requirement = {
				kind = versionRange;
				maximumVersion = 2.0.0;
				minimumVersion = 1.9.0;
			};
		};
		40FF385F2761F7D2001A5273 /* XCRemoteSwiftPackageReference "SwiftRedux" */ = {
			isa = XCRemoteSwiftPackageReference;
			repositoryURL = "https://github.com/13773753970/SwiftRedux.git";
			requirement = {
				branch = main;
				kind = branch;
			};
		};
/* End XCRemoteSwiftPackageReference section */

/* Begin XCSwiftPackageProductDependency section */
		40436BF62761EEAD009B97BA /* SwiftyBeaver */ = {
			isa = XCSwiftPackageProductDependency;
			package = 40436BF52761EEAD009B97BA /* XCRemoteSwiftPackageReference "SwiftyBeaver" */;
			productName = SwiftyBeaver;
		};
		40FF38602761F7D2001A5273 /* Redux */ = {
			isa = XCSwiftPackageProductDependency;
			package = 40FF385F2761F7D2001A5273 /* XCRemoteSwiftPackageReference "SwiftRedux" */;
			productName = Redux;
		};
/* End XCSwiftPackageProductDependency section */
	};
	rootObject = 40E5231C26E6565700A75201 /* Project object */;
}
